
Microsoft Visual Studio Solution File, Format Version 12.00
Project("{FAE04EC0-301F-11D3-BF4B-00C04F79EFBC}") = "Pokemon.API.Integration.Tests", "src\Pokemon.API.Integration.Tests\Pokemon.API.Integration.Tests.csproj", "{A1602A2F-C783-422B-BA32-A2AF59A1B5B3}"
EndProject
Project("{FAE04EC0-301F-11D3-BF4B-00C04F79EFBC}") = "Pokemon.API", "src\Pokemon.API\Pokemon.API.csproj", "{A8C9FA1C-7D52-472B-9FDD-47EA2413423F}"
EndProject
Global
	GlobalSection(SolutionConfigurationPlatforms) = preSolution
		Debug|Any CPU = Debug|Any CPU
		Release|Any CPU = Release|Any CPU
	EndGlobalSection
	GlobalSection(ProjectConfigurationPlatforms) = postSolution
		{A1602A2F-C783-422B-BA32-A2AF59A1B5B3}.Debug|Any CPU.ActiveCfg = Debug|Any CPU
		{A1602A2F-C783-422B-BA32-A2AF59A1B5B3}.Debug|Any CPU.Build.0 = Debug|Any CPU
		{A1602A2F-C783-422B-BA32-A2AF59A1B5B3}.Release|Any CPU.ActiveCfg = Release|Any CPU
		{A1602A2F-C783-422B-BA32-A2AF59A1B5B3}.Release|Any CPU.Build.0 = Release|Any CPU
		{A8C9FA1C-7D52-472B-9FDD-47EA2413423F}.Debug|Any CPU.ActiveCfg = Debug|Any CPU
		{A8C9FA1C-7D52-472B-9FDD-47EA2413423F}.Debug|Any CPU.Build.0 = Debug|Any CPU
		{A8C9FA1C-7D52-472B-9FDD-47EA2413423F}.Release|Any CPU.ActiveCfg = Release|Any CPU
		{A8C9FA1C-7D52-472B-9FDD-47EA2413423F}.Release|Any CPU.Build.0 = Release|Any CPU
	EndGlobalSection
	GlobalSection(NestedProjects) = preSolution
	EndGlobalSection
EndGlobal
